
Microsoft Visual Studio Solution File, Format Version 12.00
# Visual Studio 15
VisualStudioVersion = 15.0.26430.13
MinimumVisualStudioVersion = 10.0.40219.1
Project("{FAE04EC0-301F-11D3-BF4B-00C04F79EFBC}") = "DroneLander.Android", "DroneLander\DroneLander.Android\DroneLander.Android.csproj", "{49B15E40-BDFD-4C9D-87B7-BCF3FEE3C81D}"
EndProject
Project("{FAE04EC0-301F-11D3-BF4B-00C04F79EFBC}") = "DroneLander", "DroneLander\DroneLander\DroneLander.csproj", "{E86668DD-A717-4CC8-84AC-6E92DD80FE63}"
EndProject
Project("{FAE04EC0-301F-11D3-BF4B-00C04F79EFBC}") = "DroneLander.UWP", "DroneLander\DroneLander.UWP\DroneLander.UWP.csproj", "{CAD3F03F-87DE-478D-9F4B-BDDC4DD0D1A0}"
EndProject
Project("{FAE04EC0-301F-11D3-BF4B-00C04F79EFBC}") = "DroneLander.iOS", "DroneLander\DroneLander.iOS\DroneLander.iOS.csproj", "{EDF3B806-2FF1-412A-809B-B8E1AA648E35}"
EndProject
Global
	GlobalSection(SolutionConfigurationPlatforms) = preSolution
		Ad-Hoc|Any CPU = Ad-Hoc|Any CPU
		Ad-Hoc|ARM = Ad-Hoc|ARM
		Ad-Hoc|iPhone = Ad-Hoc|iPhone
		Ad-Hoc|iPhoneSimulator = Ad-Hoc|iPhoneSimulator
		Ad-Hoc|x64 = Ad-Hoc|x64
		Ad-Hoc|x86 = Ad-Hoc|x86
		AppStore|Any CPU = AppStore|Any CPU
		AppStore|ARM = AppStore|ARM
		AppStore|iPhone = AppStore|iPhone
		AppStore|iPhoneSimulator = AppStore|iPhoneSimulator
		AppStore|x64 = AppStore|x64
		AppStore|x86 = AppStore|x86
		Debug|Any CPU = Debug|Any CPU
		Debug|ARM = Debug|ARM
		Debug|iPhone = Debug|iPhone
		Debug|iPhoneSimulator = Debug|iPhoneSimulator
		Debug|x64 = Debug|x64
		Debug|x86 = Debug|x86
		Release|Any CPU = Release|Any CPU
		Release|ARM = Release|ARM
		Release|iPhone = Release|iPhone
		Release|iPhoneSimulator = Release|iPhoneSimulator
		Release|x64 = Release|x64
		Release|x86 = Release|x86
	EndGlobalSection
	GlobalSection(ProjectConfigurationPlatforms) = postSolution
		{49B15E40-BDFD-4C9D-87B7-BCF3FEE3C81D}.Ad-Hoc|Any CPU.ActiveCfg = Release|Any CPU
		{49B15E40-BDFD-4C9D-87B7-BCF3FEE3C81D}.Ad-Hoc|Any CPU.Build.0 = Release|Any CPU
		{49B15E40-BDFD-4C9D-87B7-BCF3FEE3C81D}.Ad-Hoc|Any CPU.Deploy.0 = Release|Any CPU
		{49B15E40-BDFD-4C9D-87B7-BCF3FEE3C81D}.Ad-Hoc|ARM.ActiveCfg = Release|Any CPU
		{49B15E40-BDFD-4C9D-87B7-BCF3FEE3C81D}.Ad-Hoc|ARM.Build.0 = Release|Any CPU
		{49B15E40-BDFD-4C9D-87B7-BCF3FEE3C81D}.Ad-Hoc|ARM.Deploy.0 = Release|Any CPU
		{49B15E40-BDFD-4C9D-87B7-BCF3FEE3C81D}.Ad-Hoc|iPhone.ActiveCfg = Release|Any CPU
		{49B15E40-BDFD-4C9D-87B7-BCF3FEE3C81D}.Ad-Hoc|iPhone.Build.0 = Release|Any CPU
		{49B15E40-BDFD-4C9D-87B7-BCF3FEE3C81D}.Ad-Hoc|iPhone.Deploy.0 = Release|Any CPU
		{49B15E40-BDFD-4C9D-87B7-BCF3FEE3C81D}.Ad-Hoc|iPhoneSimulator.ActiveCfg = Release|Any CPU
		{49B15E40-BDFD-4C9D-87B7-BCF3FEE3C81D}.Ad-Hoc|iPhoneSimulator.Build.0 = Release|Any CPU
		{49B15E40-BDFD-4C9D-87B7-BCF3FEE3C81D}.Ad-Hoc|iPhoneSimulator.Deploy.0 = Release|Any CPU
		{49B15E40-BDFD-4C9D-87B7-BCF3FEE3C81D}.Ad-Hoc|x64.ActiveCfg = Release|Any CPU
		{49B15E40-BDFD-4C9D-87B7-BCF3FEE3C81D}.Ad-Hoc|x64.Build.0 = Release|Any CPU
		{49B15E40-BDFD-4C9D-87B7-BCF3FEE3C81D}.Ad-Hoc|x64.Deploy.0 = Release|Any CPU
		{49B15E40-BDFD-4C9D-87B7-BCF3FEE3C81D}.Ad-Hoc|x86.ActiveCfg = Release|Any CPU
		{49B15E40-BDFD-4C9D-87B7-BCF3FEE3C81D}.Ad-Hoc|x86.Build.0 = Release|Any CPU
		{49B15E40-BDFD-4C9D-87B7-BCF3FEE3C81D}.Ad-Hoc|x86.Deploy.0 = Release|Any CPU
		{49B15E40-BDFD-4C9D-87B7-BCF3FEE3C81D}.AppStore|Any CPU.ActiveCfg = Release|Any CPU
		{49B15E40-BDFD-4C9D-87B7-BCF3FEE3C81D}.AppStore|Any CPU.Build.0 = Release|Any CPU
		{49B15E40-BDFD-4C9D-87B7-BCF3FEE3C81D}.AppStore|Any CPU.Deploy.0 = Release|Any CPU
		{49B15E40-BDFD-4C9D-87B7-BCF3FEE3C81D}.AppStore|ARM.ActiveCfg = Release|Any CPU
		{49B15E40-BDFD-4C9D-87B7-BCF3FEE3C81D}.AppStore|ARM.Build.0 = Release|Any CPU
		{49B15E40-BDFD-4C9D-87B7-BCF3FEE3C81D}.AppStore|ARM.Deploy.0 = Release|Any CPU
		{49B15E40-BDFD-4C9D-87B7-BCF3FEE3C81D}.AppStore|iPhone.ActiveCfg = Release|Any CPU
		{49B15E40-BDFD-4C9D-87B7-BCF3FEE3C81D}.AppStore|iPhone.Build.0 = Release|Any CPU
		{49B15E40-BDFD-4C9D-87B7-BCF3FEE3C81D}.AppStore|iPhone.Deploy.0 = Release|Any CPU
		{49B15E40-BDFD-4C9D-87B7-BCF3FEE3C81D}.AppStore|iPhoneSimulator.ActiveCfg = Release|Any CPU
		{49B15E40-BDFD-4C9D-87B7-BCF3FEE3C81D}.AppStore|iPhoneSimulator.Build.0 = Release|Any CPU
		{49B15E40-BDFD-4C9D-87B7-BCF3FEE3C81D}.AppStore|iPhoneSimulator.Deploy.0 = Release|Any CPU
		{49B15E40-BDFD-4C9D-87B7-BCF3FEE3C81D}.AppStore|x64.ActiveCfg = Release|Any CPU
		{49B15E40-BDFD-4C9D-87B7-BCF3FEE3C81D}.AppStore|x64.Build.0 = Release|Any CPU
		{49B15E40-BDFD-4C9D-87B7-BCF3FEE3C81D}.AppStore|x64.Deploy.0 = Release|Any CPU
		{49B15E40-BDFD-4C9D-87B7-BCF3FEE3C81D}.AppStore|x86.ActiveCfg = Release|Any CPU
		{49B15E40-BDFD-4C9D-87B7-BCF3FEE3C81D}.AppStore|x86.Build.0 = Release|Any CPU
		{49B15E40-BDFD-4C9D-87B7-BCF3FEE3C81D}.AppStore|x86.Deploy.0 = Release|Any CPU
		{49B15E40-BDFD-4C9D-87B7-BCF3FEE3C81D}.Debug|Any CPU.ActiveCfg = Debug|Any CPU
		{49B15E40-BDFD-4C9D-87B7-BCF3FEE3C81D}.Debug|Any CPU.Build.0 = Debug|Any CPU
		{49B15E40-BDFD-4C9D-87B7-BCF3FEE3C81D}.Debug|Any CPU.Deploy.0 = Debug|Any CPU
		{49B15E40-BDFD-4C9D-87B7-BCF3FEE3C81D}.Debug|ARM.ActiveCfg = Debug|Any CPU
		{49B15E40-BDFD-4C9D-87B7-BCF3FEE3C81D}.Debug|ARM.Build.0 = Debug|Any CPU
		{49B15E40-BDFD-4C9D-87B7-BCF3FEE3C81D}.Debug|ARM.Deploy.0 = Debug|Any CPU
		{49B15E40-BDFD-4C9D-87B7-BCF3FEE3C81D}.Debug|iPhone.ActiveCfg = Debug|Any CPU
		{49B15E40-BDFD-4C9D-87B7-BCF3FEE3C81D}.Debug|iPhone.Build.0 = Debug|Any CPU
		{49B15E40-BDFD-4C9D-87B7-BCF3FEE3C81D}.Debug|iPhone.Deploy.0 = Debug|Any CPU
		{49B15E40-BDFD-4C9D-87B7-BCF3FEE3C81D}.Debug|iPhoneSimulator.ActiveCfg = Debug|Any CPU
		{49B15E40-BDFD-4C9D-87B7-BCF3FEE3C81D}.Debug|iPhoneSimulator.Build.0 = Debug|Any CPU
		{49B15E40-BDFD-4C9D-87B7-BCF3FEE3C81D}.Debug|iPhoneSimulator.Deploy.0 = Debug|Any CPU
		{49B15E40-BDFD-4C9D-87B7-BCF3FEE3C81D}.Debug|x64.ActiveCfg = Debug|Any CPU
		{49B15E40-BDFD-4C9D-87B7-BCF3FEE3C81D}.Debug|x64.Build.0 = Debug|Any CPU
		{49B15E40-BDFD-4C9D-87B7-BCF3FEE3C81D}.Debug|x64.Deploy.0 = Debug|Any CPU
		{49B15E40-BDFD-4C9D-87B7-BCF3FEE3C81D}.Debug|x86.ActiveCfg = Debug|Any CPU
		{49B15E40-BDFD-4C9D-87B7-BCF3FEE3C81D}.Debug|x86.Build.0 = Debug|Any CPU
		{49B15E40-BDFD-4C9D-87B7-BCF3FEE3C81D}.Debug|x86.Deploy.0 = Debug|Any CPU
		{49B15E40-BDFD-4C9D-87B7-BCF3FEE3C81D}.Release|Any CPU.ActiveCfg = Release|Any CPU
		{49B15E40-BDFD-4C9D-87B7-BCF3FEE3C81D}.Release|Any CPU.Build.0 = Release|Any CPU
		{49B15E40-BDFD-4C9D-87B7-BCF3FEE3C81D}.Release|Any CPU.Deploy.0 = Release|Any CPU
		{49B15E40-BDFD-4C9D-87B7-BCF3FEE3C81D}.Release|ARM.ActiveCfg = Release|Any CPU
		{49B15E40-BDFD-4C9D-87B7-BCF3FEE3C81D}.Release|ARM.Build.0 = Release|Any CPU
		{49B15E40-BDFD-4C9D-87B7-BCF3FEE3C81D}.Release|ARM.Deploy.0 = Release|Any CPU
		{49B15E40-BDFD-4C9D-87B7-BCF3FEE3C81D}.Release|iPhone.ActiveCfg = Release|Any CPU
		{49B15E40-BDFD-4C9D-87B7-BCF3FEE3C81D}.Release|iPhone.Build.0 = Release|Any CPU
		{49B15E40-BDFD-4C9D-87B7-BCF3FEE3C81D}.Release|iPhone.Deploy.0 = Release|Any CPU
		{49B15E40-BDFD-4C9D-87B7-BCF3FEE3C81D}.Release|iPhoneSimulator.ActiveCfg = Release|Any CPU
		{49B15E40-BDFD-4C9D-87B7-BCF3FEE3C81D}.Release|iPhoneSimulator.Build.0 = Release|Any CPU
		{49B15E40-BDFD-4C9D-87B7-BCF3FEE3C81D}.Release|iPhoneSimulator.Deploy.0 = Release|Any CPU
		{49B15E40-BDFD-4C9D-87B7-BCF3FEE3C81D}.Release|x64.ActiveCfg = Release|Any CPU
		{49B15E40-BDFD-4C9D-87B7-BCF3FEE3C81D}.Release|x64.Build.0 = Release|Any CPU
		{49B15E40-BDFD-4C9D-87B7-BCF3FEE3C81D}.Release|x64.Deploy.0 = Release|Any CPU
		{49B15E40-BDFD-4C9D-87B7-BCF3FEE3C81D}.Release|x86.ActiveCfg = Release|Any CPU
		{49B15E40-BDFD-4C9D-87B7-BCF3FEE3C81D}.Release|x86.Build.0 = Release|Any CPU
		{49B15E40-BDFD-4C9D-87B7-BCF3FEE3C81D}.Release|x86.Deploy.0 = Release|Any CPU
		{E86668DD-A717-4CC8-84AC-6E92DD80FE63}.Ad-Hoc|Any CPU.ActiveCfg = Release|Any CPU
		{E86668DD-A717-4CC8-84AC-6E92DD80FE63}.Ad-Hoc|Any CPU.Build.0 = Release|Any CPU
		{E86668DD-A717-4CC8-84AC-6E92DD80FE63}.Ad-Hoc|ARM.ActiveCfg = Release|Any CPU
		{E86668DD-A717-4CC8-84AC-6E92DD80FE63}.Ad-Hoc|ARM.Build.0 = Release|Any CPU
		{E86668DD-A717-4CC8-84AC-6E92DD80FE63}.Ad-Hoc|iPhone.ActiveCfg = Release|Any CPU
		{E86668DD-A717-4CC8-84AC-6E92DD80FE63}.Ad-Hoc|iPhone.Build.0 = Release|Any CPU
		{E86668DD-A717-4CC8-84AC-6E92DD80FE63}.Ad-Hoc|iPhoneSimulator.ActiveCfg = Release|Any CPU
		{E86668DD-A717-4CC8-84AC-6E92DD80FE63}.Ad-Hoc|iPhoneSimulator.Build.0 = Release|Any CPU
		{E86668DD-A717-4CC8-84AC-6E92DD80FE63}.Ad-Hoc|x64.ActiveCfg = Release|Any CPU
		{E86668DD-A717-4CC8-84AC-6E92DD80FE63}.Ad-Hoc|x64.Build.0 = Release|Any CPU
		{E86668DD-A717-4CC8-84AC-6E92DD80FE63}.Ad-Hoc|x86.ActiveCfg = Release|Any CPU
		{E86668DD-A717-4CC8-84AC-6E92DD80FE63}.Ad-Hoc|x86.Build.0 = Release|Any CPU
		{E86668DD-A717-4CC8-84AC-6E92DD80FE63}.AppStore|Any CPU.ActiveCfg = Release|Any CPU
		{E86668DD-A717-4CC8-84AC-6E92DD80FE63}.AppStore|Any CPU.Build.0 = Release|Any CPU
		{E86668DD-A717-4CC8-84AC-6E92DD80FE63}.AppStore|ARM.ActiveCfg = Release|Any CPU
		{E86668DD-A717-4CC8-84AC-6E92DD80FE63}.AppStore|ARM.Build.0 = Release|Any CPU
		{E86668DD-A717-4CC8-84AC-6E92DD80FE63}.AppStore|iPhone.ActiveCfg = Release|Any CPU
		{E86668DD-A717-4CC8-84AC-6E92DD80FE63}.AppStore|iPhone.Build.0 = Release|Any CPU
		{E86668DD-A717-4CC8-84AC-6E92DD80FE63}.AppStore|iPhoneSimulator.ActiveCfg = Release|Any CPU
		{E86668DD-A717-4CC8-84AC-6E92DD80FE63}.AppStore|iPhoneSimulator.Build.0 = Release|Any CPU
		{E86668DD-A717-4CC8-84AC-6E92DD80FE63}.AppStore|x64.ActiveCfg = Release|Any CPU
		{E86668DD-A717-4CC8-84AC-6E92DD80FE63}.AppStore|x64.Build.0 = Release|Any CPU
		{E86668DD-A717-4CC8-84AC-6E92DD80FE63}.AppStore|x86.ActiveCfg = Release|Any CPU
		{E86668DD-A717-4CC8-84AC-6E92DD80FE63}.AppStore|x86.Build.0 = Release|Any CPU
		{E86668DD-A717-4CC8-84AC-6E92DD80FE63}.Debug|Any CPU.ActiveCfg = Debug|Any CPU
		{E86668DD-A717-4CC8-84AC-6E92DD80FE63}.Debug|Any CPU.Build.0 = Debug|Any CPU
		{E86668DD-A717-4CC8-84AC-6E92DD80FE63}.Debug|ARM.ActiveCfg = Debug|Any CPU
		{E86668DD-A717-4CC8-84AC-6E92DD80FE63}.Debug|ARM.Build.0 = Debug|Any CPU
		{E86668DD-A717-4CC8-84AC-6E92DD80FE63}.Debug|iPhone.ActiveCfg = Debug|Any CPU
		{E86668DD-A717-4CC8-84AC-6E92DD80FE63}.Debug|iPhone.Build.0 = Debug|Any CPU
		{E86668DD-A717-4CC8-84AC-6E92DD80FE63}.Debug|iPhoneSimulator.ActiveCfg = Debug|Any CPU
		{E86668DD-A717-4CC8-84AC-6E92DD80FE63}.Debug|iPhoneSimulator.Build.0 = Debug|Any CPU
		{E86668DD-A717-4CC8-84AC-6E92DD80FE63}.Debug|x64.ActiveCfg = Debug|Any CPU
		{E86668DD-A717-4CC8-84AC-6E92DD80FE63}.Debug|x64.Build.0 = Debug|Any CPU
		{E86668DD-A717-4CC8-84AC-6E92DD80FE63}.Debug|x86.ActiveCfg = Debug|Any CPU
		{E86668DD-A717-4CC8-84AC-6E92DD80FE63}.Debug|x86.Build.0 = Debug|Any CPU
		{E86668DD-A717-4CC8-84AC-6E92DD80FE63}.Release|Any CPU.ActiveCfg = Release|Any CPU
		{E86668DD-A717-4CC8-84AC-6E92DD80FE63}.Release|Any CPU.Build.0 = Release|Any CPU
		{E86668DD-A717-4CC8-84AC-6E92DD80FE63}.Release|ARM.ActiveCfg = Release|Any CPU
		{E86668DD-A717-4CC8-84AC-6E92DD80FE63}.Release|ARM.Build.0 = Release|Any CPU
		{E86668DD-A717-4CC8-84AC-6E92DD80FE63}.Release|iPhone.ActiveCfg = Release|Any CPU
		{E86668DD-A717-4CC8-84AC-6E92DD80FE63}.Release|iPhone.Build.0 = Release|Any CPU
		{E86668DD-A717-4CC8-84AC-6E92DD80FE63}.Release|iPhoneSimulator.ActiveCfg = Release|Any CPU
		{E86668DD-A717-4CC8-84AC-6E92DD80FE63}.Release|iPhoneSimulator.Build.0 = Release|Any CPU
		{E86668DD-A717-4CC8-84AC-6E92DD80FE63}.Release|x64.ActiveCfg = Release|Any CPU
		{E86668DD-A717-4CC8-84AC-6E92DD80FE63}.Release|x64.Build.0 = Release|Any CPU
		{E86668DD-A717-4CC8-84AC-6E92DD80FE63}.Release|x86.ActiveCfg = Release|Any CPU
		{E86668DD-A717-4CC8-84AC-6E92DD80FE63}.Release|x86.Build.0 = Release|Any CPU
		{CAD3F03F-87DE-478D-9F4B-BDDC4DD0D1A0}.Ad-Hoc|Any CPU.ActiveCfg = Release|x86
		{CAD3F03F-87DE-478D-9F4B-BDDC4DD0D1A0}.Ad-Hoc|Any CPU.Build.0 = Release|x86
		{CAD3F03F-87DE-478D-9F4B-BDDC4DD0D1A0}.Ad-Hoc|Any CPU.Deploy.0 = Release|x86
		{CAD3F03F-87DE-478D-9F4B-BDDC4DD0D1A0}.Ad-Hoc|ARM.ActiveCfg = Release|ARM
		{CAD3F03F-87DE-478D-9F4B-BDDC4DD0D1A0}.Ad-Hoc|ARM.Build.0 = Release|ARM
		{CAD3F03F-87DE-478D-9F4B-BDDC4DD0D1A0}.Ad-Hoc|ARM.Deploy.0 = Release|ARM
		{CAD3F03F-87DE-478D-9F4B-BDDC4DD0D1A0}.Ad-Hoc|iPhone.ActiveCfg = Release|x86
		{CAD3F03F-87DE-478D-9F4B-BDDC4DD0D1A0}.Ad-Hoc|iPhone.Build.0 = Release|x86
		{CAD3F03F-87DE-478D-9F4B-BDDC4DD0D1A0}.Ad-Hoc|iPhone.Deploy.0 = Release|x86
		{CAD3F03F-87DE-478D-9F4B-BDDC4DD0D1A0}.Ad-Hoc|iPhoneSimulator.ActiveCfg = Release|x86
		{CAD3F03F-87DE-478D-9F4B-BDDC4DD0D1A0}.Ad-Hoc|iPhoneSimulator.Build.0 = Release|x86
		{CAD3F03F-87DE-478D-9F4B-BDDC4DD0D1A0}.Ad-Hoc|iPhoneSimulator.Deploy.0 = Release|x86
		{CAD3F03F-87DE-478D-9F4B-BDDC4DD0D1A0}.Ad-Hoc|x64.ActiveCfg = Release|x64
		{CAD3F03F-87DE-478D-9F4B-BDDC4DD0D1A0}.Ad-Hoc|x64.Build.0 = Release|x64
		{CAD3F03F-87DE-478D-9F4B-BDDC4DD0D1A0}.Ad-Hoc|x64.Deploy.0 = Release|x64
		{CAD3F03F-87DE-478D-9F4B-BDDC4DD0D1A0}.Ad-Hoc|x86.ActiveCfg = Release|x86
		{CAD3F03F-87DE-478D-9F4B-BDDC4DD0D1A0}.Ad-Hoc|x86.Build.0 = Release|x86
		{CAD3F03F-87DE-478D-9F4B-BDDC4DD0D1A0}.Ad-Hoc|x86.Deploy.0 = Release|x86
		{CAD3F03F-87DE-478D-9F4B-BDDC4DD0D1A0}.AppStore|Any CPU.ActiveCfg = Release|x86
		{CAD3F03F-87DE-478D-9F4B-BDDC4DD0D1A0}.AppStore|Any CPU.Build.0 = Release|x86
		{CAD3F03F-87DE-478D-9F4B-BDDC4DD0D1A0}.AppStore|Any CPU.Deploy.0 = Release|x86
		{CAD3F03F-87DE-478D-9F4B-BDDC4DD0D1A0}.AppStore|ARM.ActiveCfg = Release|ARM
		{CAD3F03F-87DE-478D-9F4B-BDDC4DD0D1A0}.AppStore|ARM.Build.0 = Release|ARM
		{CAD3F03F-87DE-478D-9F4B-BDDC4DD0D1A0}.AppStore|ARM.Deploy.0 = Release|ARM
		{CAD3F03F-87DE-478D-9F4B-BDDC4DD0D1A0}.AppStore|iPhone.ActiveCfg = Release|x86
		{CAD3F03F-87DE-478D-9F4B-BDDC4DD0D1A0}.AppStore|iPhone.Build.0 = Release|x86
		{CAD3F03F-87DE-478D-9F4B-BDDC4DD0D1A0}.AppStore|iPhone.Deploy.0 = Release|x86
		{CAD3F03F-87DE-478D-9F4B-BDDC4DD0D1A0}.AppStore|iPhoneSimulator.ActiveCfg = Release|x86
		{CAD3F03F-87DE-478D-9F4B-BDDC4DD0D1A0}.AppStore|iPhoneSimulator.Build.0 = Release|x86
		{CAD3F03F-87DE-478D-9F4B-BDDC4DD0D1A0}.AppStore|iPhoneSimulator.Deploy.0 = Release|x86
		{CAD3F03F-87DE-478D-9F4B-BDDC4DD0D1A0}.AppStore|x64.ActiveCfg = Release|x64
		{CAD3F03F-87DE-478D-9F4B-BDDC4DD0D1A0}.AppStore|x64.Build.0 = Release|x64
		{CAD3F03F-87DE-478D-9F4B-BDDC4DD0D1A0}.AppStore|x64.Deploy.0 = Release|x64
		{CAD3F03F-87DE-478D-9F4B-BDDC4DD0D1A0}.AppStore|x86.ActiveCfg = Release|x86
		{CAD3F03F-87DE-478D-9F4B-BDDC4DD0D1A0}.AppStore|x86.Build.0 = Release|x86
		{CAD3F03F-87DE-478D-9F4B-BDDC4DD0D1A0}.AppStore|x86.Deploy.0 = Release|x86
		{CAD3F03F-87DE-478D-9F4B-BDDC4DD0D1A0}.Debug|Any CPU.ActiveCfg = Debug|x86
		{CAD3F03F-87DE-478D-9F4B-BDDC4DD0D1A0}.Debug|Any CPU.Build.0 = Debug|x86
		{CAD3F03F-87DE-478D-9F4B-BDDC4DD0D1A0}.Debug|Any CPU.Deploy.0 = Debug|x86
		{CAD3F03F-87DE-478D-9F4B-BDDC4DD0D1A0}.Debug|ARM.ActiveCfg = Debug|ARM
		{CAD3F03F-87DE-478D-9F4B-BDDC4DD0D1A0}.Debug|ARM.Build.0 = Debug|ARM
		{CAD3F03F-87DE-478D-9F4B-BDDC4DD0D1A0}.Debug|ARM.Deploy.0 = Debug|ARM
		{CAD3F03F-87DE-478D-9F4B-BDDC4DD0D1A0}.Debug|iPhone.ActiveCfg = Debug|x86
		{CAD3F03F-87DE-478D-9F4B-BDDC4DD0D1A0}.Debug|iPhoneSimulator.ActiveCfg = Debug|x86
		{CAD3F03F-87DE-478D-9F4B-BDDC4DD0D1A0}.Debug|x64.ActiveCfg = Debug|x64
		{CAD3F03F-87DE-478D-9F4B-BDDC4DD0D1A0}.Debug|x64.Build.0 = Debug|x64
		{CAD3F03F-87DE-478D-9F4B-BDDC4DD0D1A0}.Debug|x64.Deploy.0 = Debug|x64
		{CAD3F03F-87DE-478D-9F4B-BDDC4DD0D1A0}.Debug|x86.ActiveCfg = Debug|x86
		{CAD3F03F-87DE-478D-9F4B-BDDC4DD0D1A0}.Debug|x86.Build.0 = Debug|x86
		{CAD3F03F-87DE-478D-9F4B-BDDC4DD0D1A0}.Debug|x86.Deploy.0 = Debug|x86
		{CAD3F03F-87DE-478D-9F4B-BDDC4DD0D1A0}.Release|Any CPU.ActiveCfg = Release|x86
		{CAD3F03F-87DE-478D-9F4B-BDDC4DD0D1A0}.Release|ARM.ActiveCfg = Release|ARM
		{CAD3F03F-87DE-478D-9F4B-BDDC4DD0D1A0}.Release|ARM.Build.0 = Release|ARM
		{CAD3F03F-87DE-478D-9F4B-BDDC4DD0D1A0}.Release|ARM.Deploy.0 = Release|ARM
		{CAD3F03F-87DE-478D-9F4B-BDDC4DD0D1A0}.Release|iPhone.ActiveCfg = Release|x86
		{CAD3F03F-87DE-478D-9F4B-BDDC4DD0D1A0}.Release|iPhoneSimulator.ActiveCfg = Release|x86
		{CAD3F03F-87DE-478D-9F4B-BDDC4DD0D1A0}.Release|x64.ActiveCfg = Release|x64
		{CAD3F03F-87DE-478D-9F4B-BDDC4DD0D1A0}.Release|x64.Build.0 = Release|x64
		{CAD3F03F-87DE-478D-9F4B-BDDC4DD0D1A0}.Release|x64.Deploy.0 = Release|x64
		{CAD3F03F-87DE-478D-9F4B-BDDC4DD0D1A0}.Release|x86.ActiveCfg = Release|x86
		{CAD3F03F-87DE-478D-9F4B-BDDC4DD0D1A0}.Release|x86.Build.0 = Release|x86
		{CAD3F03F-87DE-478D-9F4B-BDDC4DD0D1A0}.Release|x86.Deploy.0 = Release|x86
		{EDF3B806-2FF1-412A-809B-B8E1AA648E35}.Ad-Hoc|Any CPU.ActiveCfg = Ad-Hoc|iPhone
		{EDF3B806-2FF1-412A-809B-B8E1AA648E35}.Ad-Hoc|ARM.ActiveCfg = Ad-Hoc|iPhone
		{EDF3B806-2FF1-412A-809B-B8E1AA648E35}.Ad-Hoc|iPhone.ActiveCfg = Ad-Hoc|iPhone
		{EDF3B806-2FF1-412A-809B-B8E1AA648E35}.Ad-Hoc|iPhone.Build.0 = Ad-Hoc|iPhone
		{EDF3B806-2FF1-412A-809B-B8E1AA648E35}.Ad-Hoc|iPhoneSimulator.ActiveCfg = Ad-Hoc|iPhoneSimulator
		{EDF3B806-2FF1-412A-809B-B8E1AA648E35}.Ad-Hoc|iPhoneSimulator.Build.0 = Ad-Hoc|iPhoneSimulator
		{EDF3B806-2FF1-412A-809B-B8E1AA648E35}.Ad-Hoc|x64.ActiveCfg = Ad-Hoc|iPhone
		{EDF3B806-2FF1-412A-809B-B8E1AA648E35}.Ad-Hoc|x86.ActiveCfg = Ad-Hoc|iPhone
		{EDF3B806-2FF1-412A-809B-B8E1AA648E35}.AppStore|Any CPU.ActiveCfg = AppStore|iPhone
		{EDF3B806-2FF1-412A-809B-B8E1AA648E35}.AppStore|ARM.ActiveCfg = AppStore|iPhone
		{EDF3B806-2FF1-412A-809B-B8E1AA648E35}.AppStore|iPhone.ActiveCfg = AppStore|iPhone
		{EDF3B806-2FF1-412A-809B-B8E1AA648E35}.AppStore|iPhone.Build.0 = AppStore|iPhone
		{EDF3B806-2FF1-412A-809B-B8E1AA648E35}.AppStore|iPhoneSimulator.ActiveCfg = AppStore|iPhoneSimulator
		{EDF3B806-2FF1-412A-809B-B8E1AA648E35}.AppStore|iPhoneSimulator.Build.0 = AppStore|iPhoneSimulator
		{EDF3B806-2FF1-412A-809B-B8E1AA648E35}.AppStore|x64.ActiveCfg = AppStore|iPhone
		{EDF3B806-2FF1-412A-809B-B8E1AA648E35}.AppStore|x86.ActiveCfg = AppStore|iPhone
		{EDF3B806-2FF1-412A-809B-B8E1AA648E35}.Debug|Any CPU.ActiveCfg = Debug|iPhone
		{EDF3B806-2FF1-412A-809B-B8E1AA648E35}.Debug|ARM.ActiveCfg = Debug|iPhone
		{EDF3B806-2FF1-412A-809B-B8E1AA648E35}.Debug|iPhone.ActiveCfg = Debug|iPhone
		{EDF3B806-2FF1-412A-809B-B8E1AA648E35}.Debug|iPhone.Build.0 = Debug|iPhone
		{EDF3B806-2FF1-412A-809B-B8E1AA648E35}.Debug|iPhoneSimulator.ActiveCfg = Debug|iPhoneSimulator
		{EDF3B806-2FF1-412A-809B-B8E1AA648E35}.Debug|iPhoneSimulator.Build.0 = Debug|iPhoneSimulator
		{EDF3B806-2FF1-412A-809B-B8E1AA648E35}.Debug|x64.ActiveCfg = Debug|iPhone
		{EDF3B806-2FF1-412A-809B-B8E1AA648E35}.Debug|x86.ActiveCfg = Debug|iPhone
		{EDF3B806-2FF1-412A-809B-B8E1AA648E35}.Release|Any CPU.ActiveCfg = Release|iPhone
		{EDF3B806-2FF1-412A-809B-B8E1AA648E35}.Release|ARM.ActiveCfg = Release|iPhone
		{EDF3B806-2FF1-412A-809B-B8E1AA648E35}.Release|iPhone.ActiveCfg = Release|iPhone
		{EDF3B806-2FF1-412A-809B-B8E1AA648E35}.Release|iPhone.Build.0 = Release|iPhone
		{EDF3B806-2FF1-412A-809B-B8E1AA648E35}.Release|iPhoneSimulator.ActiveCfg = Release|iPhoneSimulator
		{EDF3B806-2FF1-412A-809B-B8E1AA648E35}.Release|iPhoneSimulator.Build.0 = Release|iPhoneSimulator
		{EDF3B806-2FF1-412A-809B-B8E1AA648E35}.Release|x64.ActiveCfg = Release|iPhone
		{EDF3B806-2FF1-412A-809B-B8E1AA648E35}.Release|x86.ActiveCfg = Release|iPhone
	EndGlobalSection
	GlobalSection(SolutionProperties) = preSolution
		HideSolutionNode = FALSE
	EndGlobalSection
EndGlobal
